PODS:
  - SnapKit (5.0.0)
  - XSExtension (2.0.0)
  - XSUtil (2.0.0):
    - SnapKit
    - XSExtension

DEPENDENCIES:
  - XSUtil (from `../`)

SPEC REPOS:
  https://github.com/cocoapods/specs.git:
    - SnapKit
    - XSExtension

EXTERNAL SOURCES:
  XSUtil:
    :path: "../"

SPEC CHECKSUMS:
  SnapKit: fd22d10eb9aff484d79a8724eab922c1ddf89bcf
  XSExtension: e5ac7cd0eccf46dd18677b8d959b3a5148f3653f
  XSUtil: 5577abf250caa8af3d205e3645d22e406485df48

PODFILE CHECKSUM: af3db22a1a966d190cbc2f5f9ffacc511ec768b0

COCOAPODS: 1.7.4
