PODS:
  - SnapKit (4.0.0)
  - XSExtension (0.1.3)
  - XSUtil (0.1.0):
    - SnapKit
    - XSExtension

DEPENDENCIES:
  - XSUtil (from `../`)

SPEC REPOS:
  https://github.com/CocoaPods/Specs.git:
    - SnapKit
    - XSExtension

EXTERNAL SOURCES:
  XSUtil:
    :path: "../"

SPEC CHECKSUMS:
  SnapKit: a42d492c16e80209130a3379f73596c3454b7694
  XSExtension: fa5dcb28b57a5623cb3bb53798a3ebb3af59c757
  XSUtil: 04737a4c15baf471b547ac39d6062fbac0cb0799

PODFILE CHECKSUM: 4c818fa14b46a3a1ff4a1a149e6803a0698e44d8

COCOAPODS: 1.5.0
